schema: '2.0'
stages:
  data_ingestion:
    cmd: python src/cnnClassifier/pipeline/stage_01_data_ingestion.py
    deps:
    - path: config/config.yaml
      hash: md5
      md5: e2f9749f9a4c79bbd082458dcdbccb50
      size: 586
    - path: src/cnnClassifier/pipeline/stage_01_data_ingestion.py
      hash: md5
      md5: 8dec3751660530b5c571b21d728b3292
      size: 1011
    outs:
    - path: artifacts/data_ingestion/Chest-CT-Scan-data
      hash: md5
      md5: 904fa45d934ce879b3b1933dca6cb2f1.dir
      size: 49247431
      nfiles: 343
  prepare_base_model:
    cmd: python src/cnnClassifier/pipeline/stage_02_prepare_base_model.py
    deps:
    - path: config/config.yaml
      hash: md5
      md5: e2f9749f9a4c79bbd082458dcdbccb50
      size: 586
    - path: src/cnnClassifier/pipeline/stage_02_prepare_base_model.py
      hash: md5
      md5: a4c079dcbeea74ffb1e8f7bc5a2f1643
      size: 1022
    params:
      params.yaml:
        CLASSES: 2
        IMAGE_SIZE:
        - 224
        - 224
        - 3
        INCLUDE_TOP: false
        LEARNING_RATE: 0.01
        WEIGHTS: imagenet
    outs:
    - path: artifacts/prepare_base_model
      hash: md5
      md5: 6ad12e01a04ce8a73fcd116d90e99081.dir
      size: 118054560
      nfiles: 2
  training:
    cmd: python src/cnnClassifier/pipeline/stage_03_model_trainer.py
    deps:
    - path: artifacts/data_ingestion/Chest-CT-Scan-data
      hash: md5
      md5: 904fa45d934ce879b3b1933dca6cb2f1.dir
      size: 49247431
      nfiles: 343
    - path: artifacts/prepare_base_model
      hash: md5
      md5: 6ad12e01a04ce8a73fcd116d90e99081.dir
      size: 118054560
      nfiles: 2
    - path: config/config.yaml
      hash: md5
      md5: e2f9749f9a4c79bbd082458dcdbccb50
      size: 586
    - path: src/cnnClassifier/pipeline/stage_03_model_trainer.py
      hash: md5
      md5: 4e1bf932025267476440e4ef4f14bf4d
      size: 938
    params:
      params.yaml:
        AUGMENTATION: true
        BATCH_SIZE: 16
        EPOCHS: 1
        IMAGE_SIZE:
        - 224
        - 224
        - 3
    outs:
    - path: artifacts/training/model.h5
      hash: md5
      md5: 0e8d8bd5e85f295ca01be3b6eea0d184
      size: 59337520
  evaluation:
    cmd: python src/cnnClassifier/pipeline/stage_04_evaluation.py
    deps:
    - path: artifacts/data_ingestion/Chest-CT-Scan-data
      hash: md5
      md5: 904fa45d934ce879b3b1933dca6cb2f1.dir
      size: 49247431
      nfiles: 343
    - path: artifacts/training/model.h5
      hash: md5
      md5: 0e8d8bd5e85f295ca01be3b6eea0d184
      size: 59337520
    - path: config/config.yaml
      hash: md5
      md5: e2f9749f9a4c79bbd082458dcdbccb50
      size: 586
    - path: src/cnnClassifier/pipeline/stage_04_evaluation.py
      hash: md5
      md5: 6eadccddd41a7fb619186ef18609b8b9
      size: 947
    params:
      params.yaml:
        BATCH_SIZE: 16
        IMAGE_SIZE:
        - 224
        - 224
        - 3
    outs:
    - path: scores.json
      hash: md5
      md5: 2326539ce7277179973f30557e819bab
      size: 72
